
Microsoft Visual Studio Solution File, Format Version 12.00
# Visual Studio Version 17
VisualStudioVersion = 17.12.35527.113 d17.12
MinimumVisualStudioVersion = 10.0.40219.1
Project("{2150E333-8FDC-42A3-9474-1A3956D46DE8}") = "src", "src", "{CCC2C130-13FF-4D90-A7A1-A67B4B419321}"
EndProject
Project("{2150E333-8FDC-42A3-9474-1A3956D46DE8}") = "tests", "tests", "{2E9A23AB-E48A-4B6A-B0BF-33B92101A3B1}"
EndProject
Project("{2150E333-8FDC-42A3-9474-1A3956D46DE8}") = "solution items", "solution items", "{C1847C86-D552-4027-B9DF-D42BAB2FEFCE}"
EndProject
Project("{2150E333-8FDC-42A3-9474-1A3956D46DE8}") = "docs", "docs", "{F14595E0-440A-4DFC-95AB-F8E945001847}"
EndProject
Project("{2150E333-8FDC-42A3-9474-1A3956D46DE8}") = "Core", "Core", "{AD6F9E25-A5C1-45FE-887A-148E4885A7B1}"
EndProject
Project("{FAE04EC0-301F-11D3-BF4B-00C04F79EFBC}") = "Domain", "Domain\Domain.csproj", "{4C79D60C-4AC1-480B-A109-85F30FD1EB1B}"
EndProject
Project("{FAE04EC0-301F-11D3-BF4B-00C04F79EFBC}") = "Application", "Application\Application.csproj", "{4840072C-F406-4BE6-8CE4-7786C0FECE66}"
EndProject
Project("{2150E333-8FDC-42A3-9474-1A3956D46DE8}") = "Infrastructure", "Infrastructure", "{06E271FA-9DA5-4983-A5B4-6C01D5A676E9}"
EndProject
Project("{2150E333-8FDC-42A3-9474-1A3956D46DE8}") = "Presentation", "Presentation", "{77B2D9B4-9C08-436F-A38E-98BFB2D9B557}"
EndProject
Project("{FAE04EC0-301F-11D3-BF4B-00C04F79EFBC}") = "Persistence", "Persistence\Persistence.csproj", "{CF6C4671-8F4D-41AB-8F32-94C99BFB3C10}"
EndProject
Project("{FAE04EC0-301F-11D3-BF4B-00C04F79EFBC}") = "Infrastructure", "Infrastructure\Infrastructure.csproj", "{49493922-3A94-4E7D-B230-F969FCA6949E}"
EndProject
Project("{FAE04EC0-301F-11D3-BF4B-00C04F79EFBC}") = "Web", "Web\Web.csproj", "{406349A6-9377-4C23-B6B2-5477DA3AED16}"
EndProject
Global
	GlobalSection(SolutionConfigurationPlatforms) = preSolution
		Debug|Any CPU = Debug|Any CPU
		Release|Any CPU = Release|Any CPU
	EndGlobalSection
	GlobalSection(ProjectConfigurationPlatforms) = postSolution
		{4C79D60C-4AC1-480B-A109-85F30FD1EB1B}.Debug|Any CPU.ActiveCfg = Debug|Any CPU
		{4C79D60C-4AC1-480B-A109-85F30FD1EB1B}.Debug|Any CPU.Build.0 = Debug|Any CPU
		{4C79D60C-4AC1-480B-A109-85F30FD1EB1B}.Release|Any CPU.ActiveCfg = Release|Any CPU
		{4C79D60C-4AC1-480B-A109-85F30FD1EB1B}.Release|Any CPU.Build.0 = Release|Any CPU
		{4840072C-F406-4BE6-8CE4-7786C0FECE66}.Debug|Any CPU.ActiveCfg = Debug|Any CPU
		{4840072C-F406-4BE6-8CE4-7786C0FECE66}.Debug|Any CPU.Build.0 = Debug|Any CPU
		{4840072C-F406-4BE6-8CE4-7786C0FECE66}.Release|Any CPU.ActiveCfg = Release|Any CPU
		{4840072C-F406-4BE6-8CE4-7786C0FECE66}.Release|Any CPU.Build.0 = Release|Any CPU
		{CF6C4671-8F4D-41AB-8F32-94C99BFB3C10}.Debug|Any CPU.ActiveCfg = Debug|Any CPU
		{CF6C4671-8F4D-41AB-8F32-94C99BFB3C10}.Debug|Any CPU.Build.0 = Debug|Any CPU
		{CF6C4671-8F4D-41AB-8F32-94C99BFB3C10}.Release|Any CPU.ActiveCfg = Release|Any CPU
		{CF6C4671-8F4D-41AB-8F32-94C99BFB3C10}.Release|Any CPU.Build.0 = Release|Any CPU
		{49493922-3A94-4E7D-B230-F969FCA6949E}.Debug|Any CPU.ActiveCfg = Debug|Any CPU
		{49493922-3A94-4E7D-B230-F969FCA6949E}.Debug|Any CPU.Build.0 = Debug|Any CPU
		{49493922-3A94-4E7D-B230-F969FCA6949E}.Release|Any CPU.ActiveCfg = Release|Any CPU
		{49493922-3A94-4E7D-B230-F969FCA6949E}.Release|Any CPU.Build.0 = Release|Any CPU
		{406349A6-9377-4C23-B6B2-5477DA3AED16}.Debug|Any CPU.ActiveCfg = Debug|Any CPU
		{406349A6-9377-4C23-B6B2-5477DA3AED16}.Debug|Any CPU.Build.0 = Debug|Any CPU
		{406349A6-9377-4C23-B6B2-5477DA3AED16}.Release|Any CPU.ActiveCfg = Release|Any CPU
		{406349A6-9377-4C23-B6B2-5477DA3AED16}.Release|Any CPU.Build.0 = Release|Any CPU
	EndGlobalSection
	GlobalSection(SolutionProperties) = preSolution
		HideSolutionNode = FALSE
	EndGlobalSection
	GlobalSection(NestedProjects) = preSolution
		{AD6F9E25-A5C1-45FE-887A-148E4885A7B1} = {CCC2C130-13FF-4D90-A7A1-A67B4B419321}
		{4C79D60C-4AC1-480B-A109-85F30FD1EB1B} = {AD6F9E25-A5C1-45FE-887A-148E4885A7B1}
		{4840072C-F406-4BE6-8CE4-7786C0FECE66} = {AD6F9E25-A5C1-45FE-887A-148E4885A7B1}
		{06E271FA-9DA5-4983-A5B4-6C01D5A676E9} = {CCC2C130-13FF-4D90-A7A1-A67B4B419321}
		{77B2D9B4-9C08-436F-A38E-98BFB2D9B557} = {CCC2C130-13FF-4D90-A7A1-A67B4B419321}
		{CF6C4671-8F4D-41AB-8F32-94C99BFB3C10} = {06E271FA-9DA5-4983-A5B4-6C01D5A676E9}
		{49493922-3A94-4E7D-B230-F969FCA6949E} = {06E271FA-9DA5-4983-A5B4-6C01D5A676E9}
		{406349A6-9377-4C23-B6B2-5477DA3AED16} = {77B2D9B4-9C08-436F-A38E-98BFB2D9B557}
	EndGlobalSection
EndGlobal
